
Microsoft Visual Studio Solution File, Format Version 12.00
# Visual Studio 15
VisualStudioVersion = 15.0.28307.168
MinimumVisualStudioVersion = 10.0.40219.1
Project("{FAE04EC0-301F-11D3-BF4B-00C04F79EFBC}") = "SignalRWebPack", "SignalRWebPack\SignalRWebPack.csproj", "{52DCEEB9-7926-4474-8F98-B4A01C83B219}"
EndProject
Global
	GlobalSection(SolutionConfigurationPlatforms) = preSolution
		Debug|Any CPU = Debug|Any CPU
		Release|Any CPU = Release|Any CPU
	EndGlobalSection
	GlobalSection(ProjectConfigurationPlatforms) = postSolution
		{52DCEEB9-7926-4474-8F98-B4A01C83B219}.Debug|Any CPU.ActiveCfg = Debug|Any CPU
		{52DCEEB9-7926-4474-8F98-B4A01C83B219}.Debug|Any CPU.Build.0 = Debug|Any CPU
		{52DCEEB9-7926-4474-8F98-B4A01C83B219}.Release|Any CPU.ActiveCfg = Release|Any CPU
		{52DCEEB9-7926-4474-8F98-B4A01C83B219}.Release|Any CPU.Build.0 = Release|Any CPU
	EndGlobalSection
	GlobalSection(SolutionProperties) = preSolution
		HideSolutionNode = FALSE
	EndGlobalSection
	GlobalSection(ExtensibilityGlobals) = postSolution
		SolutionGuid = {D67FED5D-F7C6-4A1E-8CB9-6F36CC83B0E1}
	EndGlobalSection
EndGlobal
